
Microsoft Visual Studio Solution File, Format Version 12.00
# Visual Studio Version 17
VisualStudioVersion = 17.11.35303.130
MinimumVisualStudioVersion = 10.0.40219.1
Project("{FAE04EC0-301F-11D3-BF4B-00C04F79EFBC}") = "LoginAPI", "LoginAPI\LoginAPI.csproj", "{E54F87A1-0D7D-41C0-983E-076E85EF5345}"
EndProject
Global
	GlobalSection(SolutionConfigurationPlatforms) = preSolution
		Debug|Any CPU = Debug|Any CPU
		Release|Any CPU = Release|Any CPU
	EndGlobalSection
	GlobalSection(ProjectConfigurationPlatforms) = postSolution
		{E54F87A1-0D7D-41C0-983E-076E85EF5345}.Debug|Any CPU.ActiveCfg = Debug|Any CPU
		{E54F87A1-0D7D-41C0-983E-076E85EF5345}.Debug|Any CPU.Build.0 = Debug|Any CPU
		{E54F87A1-0D7D-41C0-983E-076E85EF5345}.Release|Any CPU.ActiveCfg = Release|Any CPU
		{E54F87A1-0D7D-41C0-983E-076E85EF5345}.Release|Any CPU.Build.0 = Release|Any CPU
	EndGlobalSection
	GlobalSection(SolutionProperties) = preSolution
		HideSolutionNode = FALSE
	EndGlobalSection
	GlobalSection(ExtensibilityGlobals) = postSolution
		SolutionGuid = {6D5A9763-AFF2-4A0E-847C-997C7B179CDB}
	EndGlobalSection
EndGlobal
